
Microsoft Visual Studio Solution File, Format Version 12.00
# Visual Studio Version 16
VisualStudioVersion = 16.0.29926.136
MinimumVisualStudioVersion = 10.0.40219.1
Project("{FAE04EC0-301F-11D3-BF4B-00C04F79EFBC}") = "usb_hid", "usb_hid\usb_hid.csproj", "{638FCF1C-9E73-4EAA-B8C3-035F44C742C4}"
EndProject
Global
	GlobalSection(SolutionConfigurationPlatforms) = preSolution
		Debug|Any CPU = Debug|Any CPU
		Release|Any CPU = Release|Any CPU
	EndGlobalSection
	GlobalSection(ProjectConfigurationPlatforms) = postSolution
		{638FCF1C-9E73-4EAA-B8C3-035F44C742C4}.Debug|Any CPU.ActiveCfg = Debug|Any CPU
		{638FCF1C-9E73-4EAA-B8C3-035F44C742C4}.Debug|Any CPU.Build.0 = Debug|Any CPU
		{638FCF1C-9E73-4EAA-B8C3-035F44C742C4}.Release|Any CPU.ActiveCfg = Release|Any CPU
		{638FCF1C-9E73-4EAA-B8C3-035F44C742C4}.Release|Any CPU.Build.0 = Release|Any CPU
	EndGlobalSection
	GlobalSection(SolutionProperties) = preSolution
		HideSolutionNode = FALSE
	EndGlobalSection
	GlobalSection(ExtensibilityGlobals) = postSolution
		SolutionGuid = {8AA41DA9-E92B-4234-811B-B707EB20414F}
	EndGlobalSection
EndGlobal
